// !$*UTF8*$!
{
	archiveVersion = 1;
	classes = {
	};
	objectVersion = 55;
	objects = {

/* Begin PBXBuildFile section */
		6AD8FCD4972BB823911EEB94 /* Pods_CarTrackTests.framework in Frameworks */ = {isa = PBXBuildFile; fileRef = 6C3CB0E6894579AADE53E4AA /* Pods_CarTrackTests.framework */; };
		7102269729D45C7000766A1A /* UserListLoaderTests.swift in Sources */ = {isa = PBXBuildFile; fileRef = 7102269629D45C7000766A1A /* UserListLoaderTests.swift */; };
		7102269A29D45D6A00766A1A /* DataFixtures.swift in Sources */ = {isa = PBXBuildFile; fileRef = 7102269929D45D6A00766A1A /* DataFixtures.swift */; };
		7102269D29D45DAD00766A1A /* UserList_Success.json in Resources */ = {isa = PBXBuildFile; fileRef = 7102269C29D45DAD00766A1A /* UserList_Success.json */; };
		7102269F29D45F9700766A1A /* UserList_failure.json in Resources */ = {isa = PBXBuildFile; fileRef = 7102269E29D45F9700766A1A /* UserList_failure.json */; };
		710226A129D460CE00766A1A /* String+CartrackTests.swift in Sources */ = {isa = PBXBuildFile; fileRef = 710226A029D460CE00766A1A /* String+CartrackTests.swift */; };
		7146A1C929CF62DF0016F289 /* User.swift in Sources */ = {isa = PBXBuildFile; fileRef = 7146A1C829CF62DF0016F289 /* User.swift */; };
		716205CE29CED67D00084FE9 /* AppDelegate.swift in Sources */ = {isa = PBXBuildFile; fileRef = 716205CD29CED67D00084FE9 /* AppDelegate.swift */; };
		716205D029CED67D00084FE9 /* SceneDelegate.swift in Sources */ = {isa = PBXBuildFile; fileRef = 716205CF29CED67D00084FE9 /* SceneDelegate.swift */; };
		716205D529CED67D00084FE9 /* Main.storyboard in Resources */ = {isa = PBXBuildFile; fileRef = 716205D329CED67D00084FE9 /* Main.storyboard */; };
		716205D729CED68000084FE9 /* Assets.xcassets in Resources */ = {isa = PBXBuildFile; fileRef = 716205D629CED68000084FE9 /* Assets.xcassets */; };
		716205DA29CED68000084FE9 /* LaunchScreen.storyboard in Resources */ = {isa = PBXBuildFile; fileRef = 716205D829CED68000084FE9 /* LaunchScreen.storyboard */; };
		716205E529CED68100084FE9 /* CarTrackTests.swift in Sources */ = {isa = PBXBuildFile; fileRef = 716205E429CED68100084FE9 /* CarTrackTests.swift */; };
		716205EF29CED68100084FE9 /* CarTrackUITests.swift in Sources */ = {isa = PBXBuildFile; fileRef = 716205EE29CED68100084FE9 /* CarTrackUITests.swift */; };
		716205F129CED68100084FE9 /* CarTrackUITestsLaunchTests.swift in Sources */ = {isa = PBXBuildFile; fileRef = 716205F029CED68100084FE9 /* CarTrackUITestsLaunchTests.swift */; };
		7162060329CED74C00084FE9 /* LoginViewController.swift in Sources */ = {isa = PBXBuildFile; fileRef = 7162060229CED74C00084FE9 /* LoginViewController.swift */; };
		7162060529CED77000084FE9 /* UserListViewController.swift in Sources */ = {isa = PBXBuildFile; fileRef = 7162060429CED77000084FE9 /* UserListViewController.swift */; };
		7162060729CED78C00084FE9 /* UserDetailsVC.swift in Sources */ = {isa = PBXBuildFile; fileRef = 7162060629CED78C00084FE9 /* UserDetailsVC.swift */; };
		7162060929CED7C900084FE9 /* LoginViewModel.swift in Sources */ = {isa = PBXBuildFile; fileRef = 7162060829CED7C900084FE9 /* LoginViewModel.swift */; };
		7162060B29CED7E500084FE9 /* UserListViewModel.swift in Sources */ = {isa = PBXBuildFile; fileRef = 7162060A29CED7E500084FE9 /* UserListViewModel.swift */; };
		7162060D29CED7F600084FE9 /* UserDetailsVM.swift in Sources */ = {isa = PBXBuildFile; fileRef = 7162060C29CED7F600084FE9 /* UserDetailsVM.swift */; };
		7162061829CEDE6D00084FE9 /* BaseViewController.swift in Sources */ = {isa = PBXBuildFile; fileRef = 7162061729CEDE6D00084FE9 /* BaseViewController.swift */; };
		7162061B29CEE42900084FE9 /* String+Cartrack.swift in Sources */ = {isa = PBXBuildFile; fileRef = 7162061A29CEE42900084FE9 /* String+Cartrack.swift */; };
		7162061E29CEE5F300084FE9 /* LoginService.swift in Sources */ = {isa = PBXBuildFile; fileRef = 7162061D29CEE5F300084FE9 /* LoginService.swift */; };
		7162062329CEE63800084FE9 /* SQLIteService.swift in Sources */ = {isa = PBXBuildFile; fileRef = 7162062229CEE63800084FE9 /* SQLIteService.swift */; };
		7162062429CEE64F00084FE9 /* Localizable.strings in Resources */ = {isa = PBXBuildFile; fileRef = 7162062629CEE64F00084FE9 /* Localizable.strings */; };
		719A51DE29D3042700B61DDD /* UserInfoCell.swift in Sources */ = {isa = PBXBuildFile; fileRef = 719A51DD29D3042700B61DDD /* UserInfoCell.swift */; };
		719A51E029D3043700B61DDD /* UserCompanyCell.swift in Sources */ = {isa = PBXBuildFile; fileRef = 719A51DF29D3043700B61DDD /* UserCompanyCell.swift */; };
		719A51E229D3044700B61DDD /* UserAddressCell.swift in Sources */ = {isa = PBXBuildFile; fileRef = 719A51E129D3044700B61DDD /* UserAddressCell.swift */; };
		719A51E429D31AB000B61DDD /* UserInfoCellVM.swift in Sources */ = {isa = PBXBuildFile; fileRef = 719A51E329D31AB000B61DDD /* UserInfoCellVM.swift */; };
		71B792AC29D553B9000C6A5F /* CTObservable.swift in Sources */ = {isa = PBXBuildFile; fileRef = 71B792AB29D553B9000C6A5F /* CTObservable.swift */; };
		71B792AE29D553D0000C6A5F /* CTStoryboardInstantiable.swift in Sources */ = {isa = PBXBuildFile; fileRef = 71B792AD29D553D0000C6A5F /* CTStoryboardInstantiable.swift */; };
		71B792B029D553E9000C6A5F /* CTAlertable.swift in Sources */ = {isa = PBXBuildFile; fileRef = 71B792AF29D553E9000C6A5F /* CTAlertable.swift */; };
		71EE5E5929D1DFE0000435F0 /* UserListTableCell.swift in Sources */ = {isa = PBXBuildFile; fileRef = 71EE5E5829D1DFE0000435F0 /* UserListTableCell.swift */; };
		71EE5E5F29D20BD4000435F0 /* NetworkManager.swift in Sources */ = {isa = PBXBuildFile; fileRef = 71EE5E5E29D20BD4000435F0 /* NetworkManager.swift */; };
		71EE5E6129D20CA6000435F0 /* APIEndpoints.swift in Sources */ = {isa = PBXBuildFile; fileRef = 71EE5E6029D20CA6000435F0 /* APIEndpoints.swift */; };
		71EF574429D2DF92004EA10C /* CTUser.swift in Sources */ = {isa = PBXBuildFile; fileRef = 71EF574329D2DF92004EA10C /* CTUser.swift */; };
		71EF574629D2E128004EA10C /* UserListLoader.swift in Sources */ = {isa = PBXBuildFile; fileRef = 71EF574529D2E128004EA10C /* UserListLoader.swift */; };
		71EF574829D2E2EA004EA10C /* UserListCellVM.swift in Sources */ = {isa = PBXBuildFile; fileRef = 71EF574729D2E2EA004EA10C /* UserListCellVM.swift */; };
		71F2B49C29D1B3A1003AA834 /* CTConstants.swift in Sources */ = {isa = PBXBuildFile; fileRef = 71F2B49B29D1B3A1003AA834 /* CTConstants.swift */; };
		71F2B49E29D1B49F003AA834 /* UserSQLiteService.swift in Sources */ = {isa = PBXBuildFile; fileRef = 71F2B49D29D1B49F003AA834 /* UserSQLiteService.swift */; };
		73E9973CBD136127F2DABE58 /* Pods_CarTrack_CarTrackUITests.framework in Frameworks */ = {isa = PBXBuildFile; fileRef = 23224AB0A430F5C8DFC7ACCF /* Pods_CarTrack_CarTrackUITests.framework */; };
		E8D8A9E3D3FAD2A99C157026 /* Pods_CarTrack.framework in Frameworks */ = {isa = PBXBuildFile; fileRef = 09FF29F55A6707DF9AB6CC8E /* Pods_CarTrack.framework */; };
/* End PBXBuildFile section */

/* Begin PBXContainerItemProxy section */
		716205E129CED68100084FE9 /* PBXContainerItemProxy */ = {
			isa = PBXContainerItemProxy;
			containerPortal = 716205C229CED67D00084FE9 /* Project object */;
			proxyType = 1;
			remoteGlobalIDString = 716205C929CED67D00084FE9;
			remoteInfo = CarTrack;
		};
		716205EB29CED68100084FE9 /* PBXContainerItemProxy */ = {
			isa = PBXContainerItemProxy;
			containerPortal = 716205C229CED67D00084FE9 /* Project object */;
			proxyType = 1;
			remoteGlobalIDString = 716205C929CED67D00084FE9;
			remoteInfo = CarTrack;
		};
/* End PBXContainerItemProxy section */

/* Begin PBXFileReference section */
		06DC5DCEF8AB6F3A3365DCFB /* Pods-CarTrack.release.xcconfig */ = {isa = PBXFileReference; includeInIndex = 1; lastKnownFileType = text.xcconfig; name = "Pods-CarTrack.release.xcconfig"; path = "Target Support Files/Pods-CarTrack/Pods-CarTrack.release.xcconfig"; sourceTree = "<group>"; };
		09FF29F55A6707DF9AB6CC8E /* Pods_CarTrack.framework */ = {isa = PBXFileReference; explicitFileType = wrapper.framework; includeInIndex = 0; path = Pods_CarTrack.framework; sourceTree = BUILT_PRODUCTS_DIR; };
		22846CF3C8B49248289989C7 /* Pods-CarTrackTests.debug.xcconfig */ = {isa = PBXFileReference; includeInIndex = 1; lastKnownFileType = text.xcconfig; name = "Pods-CarTrackTests.debug.xcconfig"; path = "Target Support Files/Pods-CarTrackTests/Pods-CarTrackTests.debug.xcconfig"; sourceTree = "<group>"; };
		23224AB0A430F5C8DFC7ACCF /* Pods_CarTrack_CarTrackUITests.framework */ = {isa = PBXFileReference; explicitFileType = wrapper.framework; includeInIndex = 0; path = Pods_CarTrack_CarTrackUITests.framework; sourceTree = BUILT_PRODUCTS_DIR; };
		59BEBDCEE066B6C099FACDA5 /* Pods-CarTrack-CarTrackUITests.release.xcconfig */ = {isa = PBXFileReference; includeInIndex = 1; lastKnownFileType = text.xcconfig; name = "Pods-CarTrack-CarTrackUITests.release.xcconfig"; path = "Target Support Files/Pods-CarTrack-CarTrackUITests/Pods-CarTrack-CarTrackUITests.release.xcconfig"; sourceTree = "<group>"; };
		6C3CB0E6894579AADE53E4AA /* Pods_CarTrackTests.framework */ = {isa = PBXFileReference; explicitFileType = wrapper.framework; includeInIndex = 0; path = Pods_CarTrackTests.framework; sourceTree = BUILT_PRODUCTS_DIR; };
		7102269629D45C7000766A1A /* UserListLoaderTests.swift */ = {isa = PBXFileReference; lastKnownFileType = sourcecode.swift; path = UserListLoaderTests.swift; sourceTree = "<group>"; };
		7102269929D45D6A00766A1A /* DataFixtures.swift */ = {isa = PBXFileReference; lastKnownFileType = sourcecode.swift; path = DataFixtures.swift; sourceTree = "<group>"; };
		7102269C29D45DAD00766A1A /* UserList_Success.json */ = {isa = PBXFileReference; lastKnownFileType = text.json; path = UserList_Success.json; sourceTree = "<group>"; };
		7102269E29D45F9700766A1A /* UserList_failure.json */ = {isa = PBXFileReference; lastKnownFileType = text.json; path = UserList_failure.json; sourceTree = "<group>"; };
		710226A029D460CE00766A1A /* String+CartrackTests.swift */ = {isa = PBXFileReference; lastKnownFileType = sourcecode.swift; path = "String+CartrackTests.swift"; sourceTree = "<group>"; };
		7146A1C829CF62DF0016F289 /* User.swift */ = {isa = PBXFileReference; lastKnownFileType = sourcecode.swift; path = User.swift; sourceTree = "<group>"; };
		716205CA29CED67D00084FE9 /* CarTrack.app */ = {isa = PBXFileReference; explicitFileType = wrapper.application; includeInIndex = 0; path = CarTrack.app; sourceTree = BUILT_PRODUCTS_DIR; };
		716205CD29CED67D00084FE9 /* AppDelegate.swift */ = {isa = PBXFileReference; lastKnownFileType = sourcecode.swift; path = AppDelegate.swift; sourceTree = "<group>"; };
		716205CF29CED67D00084FE9 /* SceneDelegate.swift */ = {isa = PBXFileReference; lastKnownFileType = sourcecode.swift; path = SceneDelegate.swift; sourceTree = "<group>"; };
		716205D429CED67D00084FE9 /* Base */ = {isa = PBXFileReference; lastKnownFileType = file.storyboard; name = Base; path = Base.lproj/Main.storyboard; sourceTree = "<group>"; };
		716205D629CED68000084FE9 /* Assets.xcassets */ = {isa = PBXFileReference; lastKnownFileType = folder.assetcatalog; path = Assets.xcassets; sourceTree = "<group>"; };
		716205D929CED68000084FE9 /* Base */ = {isa = PBXFileReference; lastKnownFileType = file.storyboard; name = Base; path = Base.lproj/LaunchScreen.storyboard; sourceTree = "<group>"; };
		716205DB29CED68000084FE9 /* Info.plist */ = {isa = PBXFileReference; lastKnownFileType = text.plist.xml; path = Info.plist; sourceTree = "<group>"; };
		716205E029CED68100084FE9 /* CarTrackTests.xctest */ = {isa = PBXFileReference; explicitFileType = wrapper.cfbundle; includeInIndex = 0; path = CarTrackTests.xctest; sourceTree = BUILT_PRODUCTS_DIR; };
		716205E429CED68100084FE9 /* CarTrackTests.swift */ = {isa = PBXFileReference; lastKnownFileType = sourcecode.swift; path = CarTrackTests.swift; sourceTree = "<group>"; };
		716205EA29CED68100084FE9 /* CarTrackUITests.xctest */ = {isa = PBXFileReference; explicitFileType = wrapper.cfbundle; includeInIndex = 0; path = CarTrackUITests.xctest; sourceTree = BUILT_PRODUCTS_DIR; };
		716205EE29CED68100084FE9 /* CarTrackUITests.swift */ = {isa = PBXFileReference; lastKnownFileType = sourcecode.swift; path = CarTrackUITests.swift; sourceTree = "<group>"; };
		716205F029CED68100084FE9 /* CarTrackUITestsLaunchTests.swift */ = {isa = PBXFileReference; lastKnownFileType = sourcecode.swift; path = CarTrackUITestsLaunchTests.swift; sourceTree = "<group>"; };
		7162060229CED74C00084FE9 /* LoginViewController.swift */ = {isa = PBXFileReference; lastKnownFileType = sourcecode.swift; path = LoginViewController.swift; sourceTree = "<group>"; };
		7162060429CED77000084FE9 /* UserListViewController.swift */ = {isa = PBXFileReference; lastKnownFileType = sourcecode.swift; path = UserListViewController.swift; sourceTree = "<group>"; };
		7162060629CED78C00084FE9 /* UserDetailsVC.swift */ = {isa = PBXFileReference; lastKnownFileType = sourcecode.swift; path = UserDetailsVC.swift; sourceTree = "<group>"; };
		7162060829CED7C900084FE9 /* LoginViewModel.swift */ = {isa = PBXFileReference; lastKnownFileType = sourcecode.swift; path = LoginViewModel.swift; sourceTree = "<group>"; };
		7162060A29CED7E500084FE9 /* UserListViewModel.swift */ = {isa = PBXFileReference; lastKnownFileType = sourcecode.swift; path = UserListViewModel.swift; sourceTree = "<group>"; };
		7162060C29CED7F600084FE9 /* UserDetailsVM.swift */ = {isa = PBXFileReference; lastKnownFileType = sourcecode.swift; path = UserDetailsVM.swift; sourceTree = "<group>"; };
		7162061729CEDE6D00084FE9 /* BaseViewController.swift */ = {isa = PBXFileReference; lastKnownFileType = sourcecode.swift; path = BaseViewController.swift; sourceTree = "<group>"; };
		7162061A29CEE42900084FE9 /* String+Cartrack.swift */ = {isa = PBXFileReference; lastKnownFileType = sourcecode.swift; path = "String+Cartrack.swift"; sourceTree = "<group>"; };
		7162061D29CEE5F300084FE9 /* LoginService.swift */ = {isa = PBXFileReference; lastKnownFileType = sourcecode.swift; path = LoginService.swift; sourceTree = "<group>"; };
		7162062229CEE63800084FE9 /* SQLIteService.swift */ = {isa = PBXFileReference; lastKnownFileType = sourcecode.swift; path = SQLIteService.swift; sourceTree = "<group>"; };
		7162062529CEE64F00084FE9 /* en */ = {isa = PBXFileReference; lastKnownFileType = text.plist.strings; name = en; path = en.lproj/Localizable.strings; sourceTree = "<group>"; };
		719A51DD29D3042700B61DDD /* UserInfoCell.swift */ = {isa = PBXFileReference; lastKnownFileType = sourcecode.swift; path = UserInfoCell.swift; sourceTree = "<group>"; };
		719A51DF29D3043700B61DDD /* UserCompanyCell.swift */ = {isa = PBXFileReference; lastKnownFileType = sourcecode.swift; path = UserCompanyCell.swift; sourceTree = "<group>"; };
		719A51E129D3044700B61DDD /* UserAddressCell.swift */ = {isa = PBXFileReference; lastKnownFileType = sourcecode.swift; path = UserAddressCell.swift; sourceTree = "<group>"; };
		719A51E329D31AB000B61DDD /* UserInfoCellVM.swift */ = {isa = PBXFileReference; lastKnownFileType = sourcecode.swift; path = UserInfoCellVM.swift; sourceTree = "<group>"; };
		71B792AB29D553B9000C6A5F /* CTObservable.swift */ = {isa = PBXFileReference; lastKnownFileType = sourcecode.swift; path = CTObservable.swift; sourceTree = "<group>"; };
		71B792AD29D553D0000C6A5F /* CTStoryboardInstantiable.swift */ = {isa = PBXFileReference; lastKnownFileType = sourcecode.swift; path = CTStoryboardInstantiable.swift; sourceTree = "<group>"; };
		71B792AF29D553E9000C6A5F /* CTAlertable.swift */ = {isa = PBXFileReference; lastKnownFileType = sourcecode.swift; path = CTAlertable.swift; sourceTree = "<group>"; };
		71EE5E5829D1DFE0000435F0 /* UserListTableCell.swift */ = {isa = PBXFileReference; lastKnownFileType = sourcecode.swift; path = UserListTableCell.swift; sourceTree = "<group>"; };
		71EE5E5E29D20BD4000435F0 /* NetworkManager.swift */ = {isa = PBXFileReference; lastKnownFileType = sourcecode.swift; path = NetworkManager.swift; sourceTree = "<group>"; };
		71EE5E6029D20CA6000435F0 /* APIEndpoints.swift */ = {isa = PBXFileReference; lastKnownFileType = sourcecode.swift; path = APIEndpoints.swift; sourceTree = "<group>"; };
		71EF574329D2DF92004EA10C /* CTUser.swift */ = {isa = PBXFileReference; lastKnownFileType = sourcecode.swift; path = CTUser.swift; sourceTree = "<group>"; };
		71EF574529D2E128004EA10C /* UserListLoader.swift */ = {isa = PBXFileReference; lastKnownFileType = sourcecode.swift; path = UserListLoader.swift; sourceTree = "<group>"; };
		71EF574729D2E2EA004EA10C /* UserListCellVM.swift */ = {isa = PBXFileReference; lastKnownFileType = sourcecode.swift; path = UserListCellVM.swift; sourceTree = "<group>"; };
		71F2B49B29D1B3A1003AA834 /* CTConstants.swift */ = {isa = PBXFileReference; lastKnownFileType = sourcecode.swift; path = CTConstants.swift; sourceTree = "<group>"; };
		71F2B49D29D1B49F003AA834 /* UserSQLiteService.swift */ = {isa = PBXFileReference; lastKnownFileType = sourcecode.swift; path = UserSQLiteService.swift; sourceTree = "<group>"; };
		7612745E99D1C7EC097311ED /* Pods-CarTrackTests.release.xcconfig */ = {isa = PBXFileReference; includeInIndex = 1; lastKnownFileType = text.xcconfig; name = "Pods-CarTrackTests.release.xcconfig"; path = "Target Support Files/Pods-CarTrackTests/Pods-CarTrackTests.release.xcconfig"; sourceTree = "<group>"; };
		DDA5033E08F7A05DDFCC0393 /* Pods-CarTrack.debug.xcconfig */ = {isa = PBXFileReference; includeInIndex = 1; lastKnownFileType = text.xcconfig; name = "Pods-CarTrack.debug.xcconfig"; path = "Target Support Files/Pods-CarTrack/Pods-CarTrack.debug.xcconfig"; sourceTree = "<group>"; };
		FEBEF70EC9D62C4B1CD4F91F /* Pods-CarTrack-CarTrackUITests.debug.xcconfig */ = {isa = PBXFileReference; includeInIndex = 1; lastKnownFileType = text.xcconfig; name = "Pods-CarTrack-CarTrackUITests.debug.xcconfig"; path = "Target Support Files/Pods-CarTrack-CarTrackUITests/Pods-CarTrack-CarTrackUITests.debug.xcconfig"; sourceTree = "<group>"; };
/* End PBXFileReference section */

/* Begin PBXFrameworksBuildPhase section */
		716205C729CED67D00084FE9 /* Frameworks */ = {
			isa = PBXFrameworksBuildPhase;
			buildActionMask = 2147483647;
			files = (
				E8D8A9E3D3FAD2A99C157026 /* Pods_CarTrack.framework in Frameworks */,
			);
			runOnlyForDeploymentPostprocessing = 0;
		};
		716205DD29CED68100084FE9 /* Frameworks */ = {
			isa = PBXFrameworksBuildPhase;
			buildActionMask = 2147483647;
			files = (
				6AD8FCD4972BB823911EEB94 /* Pods_CarTrackTests.framework in Frameworks */,
			);
			runOnlyForDeploymentPostprocessing = 0;
		};
		716205E729CED68100084FE9 /* Frameworks */ = {
			isa = PBXFrameworksBuildPhase;
			buildActionMask = 2147483647;
			files = (
				73E9973CBD136127F2DABE58 /* Pods_CarTrack_CarTrackUITests.framework in Frameworks */,
			);
			runOnlyForDeploymentPostprocessing = 0;
		};
/* End PBXFrameworksBuildPhase section */

/* Begin PBXGroup section */
		7102269829D45D3F00766A1A /* Helpers */ = {
			isa = PBXGroup;
			children = (
				7102269929D45D6A00766A1A /* DataFixtures.swift */,
			);
			path = Helpers;
			sourceTree = "<group>";
		};
		7102269B29D45D8800766A1A /* MockJson */ = {
			isa = PBXGroup;
			children = (
				7102269C29D45DAD00766A1A /* UserList_Success.json */,
				7102269E29D45F9700766A1A /* UserList_failure.json */,
			);
			path = MockJson;
			sourceTree = "<group>";
		};
		716205C129CED67D00084FE9 = {
			isa = PBXGroup;
			children = (
				716205CC29CED67D00084FE9 /* CarTrack */,
				716205E329CED68100084FE9 /* CarTrackTests */,
				716205ED29CED68100084FE9 /* CarTrackUITests */,
				716205CB29CED67D00084FE9 /* Products */,
				9ED891F7D06FC2DEEC348795 /* Pods */,
				EE0CA4EBA8DA2643BA885840 /* Frameworks */,
			);
			sourceTree = "<group>";
		};
		716205CB29CED67D00084FE9 /* Products */ = {
			isa = PBXGroup;
			children = (
				716205CA29CED67D00084FE9 /* CarTrack.app */,
				716205E029CED68100084FE9 /* CarTrackTests.xctest */,
				716205EA29CED68100084FE9 /* CarTrackUITests.xctest */,
			);
			name = Products;
			sourceTree = "<group>";
		};
		716205CC29CED67D00084FE9 /* CarTrack */ = {
			isa = PBXGroup;
			children = (
				7162061029CED86A00084FE9 /* App */,
				716205FD29CED6AE00084FE9 /* Modules */,
				716205FE29CED6BA00084FE9 /* Service */,
				7162060F29CED84B00084FE9 /* Utilities */,
				7162061129CED88A00084FE9 /* Resources */,
				716205D629CED68000084FE9 /* Assets.xcassets */,
				716205DB29CED68000084FE9 /* Info.plist */,
			);
			path = CarTrack;
			sourceTree = "<group>";
		};
		716205E329CED68100084FE9 /* CarTrackTests */ = {
			isa = PBXGroup;
			children = (
				7102269B29D45D8800766A1A /* MockJson */,
				7102269829D45D3F00766A1A /* Helpers */,
				716205E429CED68100084FE9 /* CarTrackTests.swift */,
				7102269629D45C7000766A1A /* UserListLoaderTests.swift */,
				710226A029D460CE00766A1A /* String+CartrackTests.swift */,
			);
			path = CarTrackTests;
			sourceTree = "<group>";
		};
		716205ED29CED68100084FE9 /* CarTrackUITests */ = {
			isa = PBXGroup;
			children = (
				716205EE29CED68100084FE9 /* CarTrackUITests.swift */,
				716205F029CED68100084FE9 /* CarTrackUITestsLaunchTests.swift */,
			);
			path = CarTrackUITests;
			sourceTree = "<group>";
		};
		716205FD29CED6AE00084FE9 /* Modules */ = {
			isa = PBXGroup;
			children = (
				7162061629CEDE5700084FE9 /* Base */,
				7162060129CED70F00084FE9 /* UserDetails */,
				7162060029CED70500084FE9 /* UserList */,
				716205FF29CED6CA00084FE9 /* Login */,
			);
			path = Modules;
			sourceTree = "<group>";
		};
		716205FE29CED6BA00084FE9 /* Service */ = {
			isa = PBXGroup;
			children = (
				7162061F29CEE5FA00084FE9 /* User */,
				7162061C29CEE5DE00084FE9 /* Login */,
				7162060E29CED81B00084FE9 /* SQLite */,
				71EE5E5E29D20BD4000435F0 /* NetworkManager.swift */,
				71EE5E6029D20CA6000435F0 /* APIEndpoints.swift */,
			);
			path = Service;
			sourceTree = "<group>";
		};
		716205FF29CED6CA00084FE9 /* Login */ = {
			isa = PBXGroup;
			children = (
				7162060229CED74C00084FE9 /* LoginViewController.swift */,
				7162060829CED7C900084FE9 /* LoginViewModel.swift */,
				7146A1C829CF62DF0016F289 /* User.swift */,
			);
			path = Login;
			sourceTree = "<group>";
		};
		7162060029CED70500084FE9 /* UserList */ = {
			isa = PBXGroup;
			children = (
				7162060429CED77000084FE9 /* UserListViewController.swift */,
				7162060A29CED7E500084FE9 /* UserListViewModel.swift */,
				71EE5E5829D1DFE0000435F0 /* UserListTableCell.swift */,
				71EF574729D2E2EA004EA10C /* UserListCellVM.swift */,
				71EF574329D2DF92004EA10C /* CTUser.swift */,
			);
			path = UserList;
			sourceTree = "<group>";
		};
		7162060129CED70F00084FE9 /* UserDetails */ = {
			isa = PBXGroup;
			children = (
				7162060629CED78C00084FE9 /* UserDetailsVC.swift */,
				7162060C29CED7F600084FE9 /* UserDetailsVM.swift */,
				719A51DD29D3042700B61DDD /* UserInfoCell.swift */,
				719A51DF29D3043700B61DDD /* UserCompanyCell.swift */,
				719A51E129D3044700B61DDD /* UserAddressCell.swift */,
				719A51E329D31AB000B61DDD /* UserInfoCellVM.swift */,
			);
			path = UserDetails;
			sourceTree = "<group>";
		};
		7162060E29CED81B00084FE9 /* SQLite */ = {
			isa = PBXGroup;
			children = (
				7162062229CEE63800084FE9 /* SQLIteService.swift */,
				71F2B49D29D1B49F003AA834 /* UserSQLiteService.swift */,
			);
			path = SQLite;
			sourceTree = "<group>";
		};
		7162060F29CED84B00084FE9 /* Utilities */ = {
			isa = PBXGroup;
			children = (
				71B792AA29D55395000C6A5F /* Protocol */,
				7162061929CEE3DC00084FE9 /* Extension */,
				71F2B49B29D1B3A1003AA834 /* CTConstants.swift */,
			);
			path = Utilities;
			sourceTree = "<group>";
		};
		7162061029CED86A00084FE9 /* App */ = {
			isa = PBXGroup;
			children = (
				716205CD29CED67D00084FE9 /* AppDelegate.swift */,
				716205CF29CED67D00084FE9 /* SceneDelegate.swift */,
			);
			path = App;
			sourceTree = "<group>";
		};
		7162061129CED88A00084FE9 /* Resources */ = {
			isa = PBXGroup;
			children = (
				7162061329CEDACC00084FE9 /* Localization */,
				7162061229CEDABA00084FE9 /* Storyboard */,
			);
			path = Resources;
			sourceTree = "<group>";
		};
		7162061229CEDABA00084FE9 /* Storyboard */ = {
			isa = PBXGroup;
			children = (
				716205D829CED68000084FE9 /* LaunchScreen.storyboard */,
				716205D329CED67D00084FE9 /* Main.storyboard */,
			);
			path = Storyboard;
			sourceTree = "<group>";
		};
		7162061329CEDACC00084FE9 /* Localization */ = {
			isa = PBXGroup;
			children = (
				7162062629CEE64F00084FE9 /* Localizable.strings */,
			);
			path = Localization;
			sourceTree = "<group>";
		};
		7162061629CEDE5700084FE9 /* Base */ = {
			isa = PBXGroup;
			children = (
				7162061729CEDE6D00084FE9 /* BaseViewController.swift */,
			);
			path = Base;
			sourceTree = "<group>";
		};
		7162061929CEE3DC00084FE9 /* Extension */ = {
			isa = PBXGroup;
			children = (
				7162061A29CEE42900084FE9 /* String+Cartrack.swift */,
			);
			path = Extension;
			sourceTree = "<group>";
		};
		7162061C29CEE5DE00084FE9 /* Login */ = {
			isa = PBXGroup;
			children = (
				7162061D29CEE5F300084FE9 /* LoginService.swift */,
			);
			path = Login;
			sourceTree = "<group>";
		};
		7162061F29CEE5FA00084FE9 /* User */ = {
			isa = PBXGroup;
			children = (
				71EF574529D2E128004EA10C /* UserListLoader.swift */,
			);
			path = User;
			sourceTree = "<group>";
		};
		71B792AA29D55395000C6A5F /* Protocol */ = {
			isa = PBXGroup;
			children = (
				71B792AB29D553B9000C6A5F /* CTObservable.swift */,
				71B792AD29D553D0000C6A5F /* CTStoryboardInstantiable.swift */,
				71B792AF29D553E9000C6A5F /* CTAlertable.swift */,
			);
			path = Protocol;
			sourceTree = "<group>";
		};
		9ED891F7D06FC2DEEC348795 /* Pods */ = {
			isa = PBXGroup;
			children = (
				DDA5033E08F7A05DDFCC0393 /* Pods-CarTrack.debug.xcconfig */,
				06DC5DCEF8AB6F3A3365DCFB /* Pods-CarTrack.release.xcconfig */,
				FEBEF70EC9D62C4B1CD4F91F /* Pods-CarTrack-CarTrackUITests.debug.xcconfig */,
				59BEBDCEE066B6C099FACDA5 /* Pods-CarTrack-CarTrackUITests.release.xcconfig */,
				22846CF3C8B49248289989C7 /* Pods-CarTrackTests.debug.xcconfig */,
				7612745E99D1C7EC097311ED /* Pods-CarTrackTests.release.xcconfig */,
			);
			path = Pods;
			sourceTree = "<group>";
		};
		EE0CA4EBA8DA2643BA885840 /* Frameworks */ = {
			isa = PBXGroup;
			children = (
				09FF29F55A6707DF9AB6CC8E /* Pods_CarTrack.framework */,
				23224AB0A430F5C8DFC7ACCF /* Pods_CarTrack_CarTrackUITests.framework */,
				6C3CB0E6894579AADE53E4AA /* Pods_CarTrackTests.framework */,
			);
			name = Frameworks;
			sourceTree = "<group>";
		};
/* End PBXGroup section */

/* Begin PBXNativeTarget section */
		716205C929CED67D00084FE9 /* CarTrack */ = {
			isa = PBXNativeTarget;
			buildConfigurationList = 716205F429CED68100084FE9 /* Build configuration list for PBXNativeTarget "CarTrack" */;
			buildPhases = (
				3981868207B6DD94573ADCE8 /* [CP] Check Pods Manifest.lock */,
				716205C629CED67D00084FE9 /* Sources */,
				716205C729CED67D00084FE9 /* Frameworks */,
				716205C829CED67D00084FE9 /* Resources */,
				2577B0E915E1162F5324638D /* [CP] Embed Pods Frameworks */,
			);
			buildRules = (
			);
			dependencies = (
			);
			name = CarTrack;
			productName = CarTrack;
			productReference = 716205CA29CED67D00084FE9 /* CarTrack.app */;
			productType = "com.apple.product-type.application";
		};
		716205DF29CED68100084FE9 /* CarTrackTests */ = {
			isa = PBXNativeTarget;
			buildConfigurationList = 716205F729CED68100084FE9 /* Build configuration list for PBXNativeTarget "CarTrackTests" */;
			buildPhases = (
				521974F865D64FCCCD073F32 /* [CP] Check Pods Manifest.lock */,
				716205DC29CED68100084FE9 /* Sources */,
				716205DD29CED68100084FE9 /* Frameworks */,
				716205DE29CED68100084FE9 /* Resources */,
			);
			buildRules = (
			);
			dependencies = (
				716205E229CED68100084FE9 /* PBXTargetDependency */,
			);
			name = CarTrackTests;
			productName = CarTrackTests;
			productReference = 716205E029CED68100084FE9 /* CarTrackTests.xctest */;
			productType = "com.apple.product-type.bundle.unit-test";
		};
		716205E929CED68100084FE9 /* CarTrackUITests */ = {
			isa = PBXNativeTarget;
			buildConfigurationList = 716205FA29CED68100084FE9 /* Build configuration list for PBXNativeTarget "CarTrackUITests" */;
			buildPhases = (
				1FE0D80F2086072A0A271897 /* [CP] Check Pods Manifest.lock */,
				716205E629CED68100084FE9 /* Sources */,
				716205E729CED68100084FE9 /* Frameworks */,
				716205E829CED68100084FE9 /* Resources */,
				CC40FFB564B7233E8C4C1ECC /* [CP] Embed Pods Frameworks */,
			);
			buildRules = (
			);
			dependencies = (
				716205EC29CED68100084FE9 /* PBXTargetDependency */,
			);
			name = CarTrackUITests;
			productName = CarTrackUITests;
			productReference = 716205EA29CED68100084FE9 /* CarTrackUITests.xctest */;
			productType = "com.apple.product-type.bundle.ui-testing";
		};
/* End PBXNativeTarget section */

/* Begin PBXProject section */
		716205C229CED67D00084FE9 /* Project object */ = {
			isa = PBXProject;
			attributes = {
				BuildIndependentTargetsInParallel = 1;
				LastSwiftUpdateCheck = 1320;
				LastUpgradeCheck = 1320;
				TargetAttributes = {
					716205C929CED67D00084FE9 = {
						CreatedOnToolsVersion = 13.2.1;
					};
					716205DF29CED68100084FE9 = {
						CreatedOnToolsVersion = 13.2.1;
						TestTargetID = 716205C929CED67D00084FE9;
					};
					716205E929CED68100084FE9 = {
						CreatedOnToolsVersion = 13.2.1;
						TestTargetID = 716205C929CED67D00084FE9;
					};
				};
			};
			buildConfigurationList = 716205C529CED67D00084FE9 /* Build configuration list for PBXProject "CarTrack" */;
			compatibilityVersion = "Xcode 13.0";
			developmentRegion = en;
			hasScannedForEncodings = 0;
			knownRegions = (
				en,
				Base,
			);
			mainGroup = 716205C129CED67D00084FE9;
			productRefGroup = 716205CB29CED67D00084FE9 /* Products */;
			projectDirPath = "";
			projectRoot = "";
			targets = (
				716205C929CED67D00084FE9 /* CarTrack */,
				716205DF29CED68100084FE9 /* CarTrackTests */,
				716205E929CED68100084FE9 /* CarTrackUITests */,
			);
		};
/* End PBXProject section */

/* Begin PBXResourcesBuildPhase section */
		716205C829CED67D00084FE9 /* Resources */ = {
			isa = PBXResourcesBuildPhase;
			buildActionMask = 2147483647;
			files = (
				716205DA29CED68000084FE9 /* LaunchScreen.storyboard in Resources */,
				7162062429CEE64F00084FE9 /* Localizable.strings in Resources */,
				716205D729CED68000084FE9 /* Assets.xcassets in Resources */,
				716205D529CED67D00084FE9 /* Main.storyboard in Resources */,
			);
			runOnlyForDeploymentPostprocessing = 0;
		};
		716205DE29CED68100084FE9 /* Resources */ = {
			isa = PBXResourcesBuildPhase;
			buildActionMask = 2147483647;
			files = (
				7102269D29D45DAD00766A1A /* UserList_Success.json in Resources */,
				7102269F29D45F9700766A1A /* UserList_failure.json in Resources */,
			);
			runOnlyForDeploymentPostprocessing = 0;
		};
		716205E829CED68100084FE9 /* Resources */ = {
			isa = PBXResourcesBuildPhase;
			buildActionMask = 2147483647;
			files = (
			);
			runOnlyForDeploymentPostprocessing = 0;
		};
/* End PBXResourcesBuildPhase section */

/* Begin PBXShellScriptBuildPhase section */
		1FE0D80F2086072A0A271897 /* [CP] Check Pods Manifest.lock */ = {
			isa = PBXShellScriptBuildPhase;
			buildActionMask = 2147483647;
			files = (
			);
			inputFileListPaths = (
			);
			inputPaths = (
				"${PODS_PODFILE_DIR_PATH}/Podfile.lock",
				"${PODS_ROOT}/Manifest.lock",
			);
			name = "[CP] Check Pods Manifest.lock";
			outputFileListPaths = (
			);
			outputPaths = (
				"$(DERIVED_FILE_DIR)/Pods-CarTrack-CarTrackUITests-checkManifestLockResult.txt",
			);
			runOnlyForDeploymentPostprocessing = 0;
			shellPath = /bin/sh;
			shellScript = "diff \"${PODS_PODFILE_DIR_PATH}/Podfile.lock\" \"${PODS_ROOT}/Manifest.lock\" > /dev/null\nif [ $? != 0 ] ; then\n    # print error to STDERR\n    echo \"error: The sandbox is not in sync with the Podfile.lock. Run 'pod install' or update your CocoaPods installation.\" >&2\n    exit 1\nfi\n# This output is used by Xcode 'outputs' to avoid re-running this script phase.\necho \"SUCCESS\" > \"${SCRIPT_OUTPUT_FILE_0}\"\n";
			showEnvVarsInLog = 0;
		};
		2577B0E915E1162F5324638D /* [CP] Embed Pods Frameworks */ = {
			isa = PBXShellScriptBuildPhase;
			buildActionMask = 2147483647;
			files = (
			);
			inputFileListPaths = (
				"${PODS_ROOT}/Target Support Files/Pods-CarTrack/Pods-CarTrack-frameworks-${CONFIGURATION}-input-files.xcfilelist",
			);
			name = "[CP] Embed Pods Frameworks";
			outputFileListPaths = (
				"${PODS_ROOT}/Target Support Files/Pods-CarTrack/Pods-CarTrack-frameworks-${CONFIGURATION}-output-files.xcfilelist",
			);
			runOnlyForDeploymentPostprocessing = 0;
			shellPath = /bin/sh;
			shellScript = "\"${PODS_ROOT}/Target Support Files/Pods-CarTrack/Pods-CarTrack-frameworks.sh\"\n";
			showEnvVarsInLog = 0;
		};
		3981868207B6DD94573ADCE8 /* [CP] Check Pods Manifest.lock */ = {
			isa = PBXShellScriptBuildPhase;
			buildActionMask = 2147483647;
			files = (
			);
			inputFileListPaths = (
			);
			inputPaths = (
				"${PODS_PODFILE_DIR_PATH}/Podfile.lock",
				"${PODS_ROOT}/Manifest.lock",
			);
			name = "[CP] Check Pods Manifest.lock";
			outputFileListPaths = (
			);
			outputPaths = (
				"$(DERIVED_FILE_DIR)/Pods-CarTrack-checkManifestLockResult.txt",
			);
			runOnlyForDeploymentPostprocessing = 0;
			shellPath = /bin/sh;
			shellScript = "diff \"${PODS_PODFILE_DIR_PATH}/Podfile.lock\" \"${PODS_ROOT}/Manifest.lock\" > /dev/null\nif [ $? != 0 ] ; then\n    # print error to STDERR\n    echo \"error: The sandbox is not in sync with the Podfile.lock. Run 'pod install' or update your CocoaPods installation.\" >&2\n    exit 1\nfi\n# This output is used by Xcode 'outputs' to avoid re-running this script phase.\necho \"SUCCESS\" > \"${SCRIPT_OUTPUT_FILE_0}\"\n";
			showEnvVarsInLog = 0;
		};
		521974F865D64FCCCD073F32 /* [CP] Check Pods Manifest.lock */ = {
			isa = PBXShellScriptBuildPhase;
			buildActionMask = 2147483647;
			files = (
			);
			inputFileListPaths = (
			);
			inputPaths = (
				"${PODS_PODFILE_DIR_PATH}/Podfile.lock",
				"${PODS_ROOT}/Manifest.lock",
			);
			name = "[CP] Check Pods Manifest.lock";
			outputFileListPaths = (
			);
			outputPaths = (
				"$(DERIVED_FILE_DIR)/Pods-CarTrackTests-checkManifestLockResult.txt",
			);
			runOnlyForDeploymentPostprocessing = 0;
			shellPath = /bin/sh;
			shellScript = "diff \"${PODS_PODFILE_DIR_PATH}/Podfile.lock\" \"${PODS_ROOT}/Manifest.lock\" > /dev/null\nif [ $? != 0 ] ; then\n    # print error to STDERR\n    echo \"error: The sandbox is not in sync with the Podfile.lock. Run 'pod install' or update your CocoaPods installation.\" >&2\n    exit 1\nfi\n# This output is used by Xcode 'outputs' to avoid re-running this script phase.\necho \"SUCCESS\" > \"${SCRIPT_OUTPUT_FILE_0}\"\n";
			showEnvVarsInLog = 0;
		};
		CC40FFB564B7233E8C4C1ECC /* [CP] Embed Pods Frameworks */ = {
			isa = PBXShellScriptBuildPhase;
			buildActionMask = 2147483647;
			files = (
			);
			inputFileListPaths = (
				"${PODS_ROOT}/Target Support Files/Pods-CarTrack-CarTrackUITests/Pods-CarTrack-CarTrackUITests-frameworks-${CONFIGURATION}-input-files.xcfilelist",
			);
			name = "[CP] Embed Pods Frameworks";
			outputFileListPaths = (
				"${PODS_ROOT}/Target Support Files/Pods-CarTrack-CarTrackUITests/Pods-CarTrack-CarTrackUITests-frameworks-${CONFIGURATION}-output-files.xcfilelist",
			);
			runOnlyForDeploymentPostprocessing = 0;
			shellPath = /bin/sh;
			shellScript = "\"${PODS_ROOT}/Target Support Files/Pods-CarTrack-CarTrackUITests/Pods-CarTrack-CarTrackUITests-frameworks.sh\"\n";
			showEnvVarsInLog = 0;
		};
/* End PBXShellScriptBuildPhase section */

/* Begin PBXSourcesBuildPhase section */
		716205C629CED67D00084FE9 /* Sources */ = {
			isa = PBXSourcesBuildPhase;
			buildActionMask = 2147483647;
			files = (
				71F2B49C29D1B3A1003AA834 /* CTConstants.swift in Sources */,
				7162060729CED78C00084FE9 /* UserDetailsVC.swift in Sources */,
				719A51E029D3043700B61DDD /* UserCompanyCell.swift in Sources */,
				7162060B29CED7E500084FE9 /* UserListViewModel.swift in Sources */,
				7162060D29CED7F600084FE9 /* UserDetailsVM.swift in Sources */,
				71EF574429D2DF92004EA10C /* CTUser.swift in Sources */,
				7162060529CED77000084FE9 /* UserListViewController.swift in Sources */,
				71EE5E5929D1DFE0000435F0 /* UserListTableCell.swift in Sources */,
				7162060329CED74C00084FE9 /* LoginViewController.swift in Sources */,
				7162062329CEE63800084FE9 /* SQLIteService.swift in Sources */,
				7146A1C929CF62DF0016F289 /* User.swift in Sources */,
				7162061829CEDE6D00084FE9 /* BaseViewController.swift in Sources */,
				71EE5E5F29D20BD4000435F0 /* NetworkManager.swift in Sources */,
				719A51E429D31AB000B61DDD /* UserInfoCellVM.swift in Sources */,
				7162061E29CEE5F300084FE9 /* LoginService.swift in Sources */,
				716205CE29CED67D00084FE9 /* AppDelegate.swift in Sources */,
				71EF574629D2E128004EA10C /* UserListLoader.swift in Sources */,
				71EF574829D2E2EA004EA10C /* UserListCellVM.swift in Sources */,
				71EE5E6129D20CA6000435F0 /* APIEndpoints.swift in Sources */,
				7162061B29CEE42900084FE9 /* String+Cartrack.swift in Sources */,
				716205D029CED67D00084FE9 /* SceneDelegate.swift in Sources */,
				71B792AC29D553B9000C6A5F /* CTObservable.swift in Sources */,
				7162060929CED7C900084FE9 /* LoginViewModel.swift in Sources */,
				71B792B029D553E9000C6A5F /* CTAlertable.swift in Sources */,
				719A51E229D3044700B61DDD /* UserAddressCell.swift in Sources */,
				719A51DE29D3042700B61DDD /* UserInfoCell.swift in Sources */,
				71B792AE29D553D0000C6A5F /* CTStoryboardInstantiable.swift in Sources */,
				71F2B49E29D1B49F003AA834 /* UserSQLiteService.swift in Sources */,
			);
			runOnlyForDeploymentPostprocessing = 0;
		};
		716205DC29CED68100084FE9 /* Sources */ = {
			isa = PBXSourcesBuildPhase;
			buildActionMask = 2147483647;
			files = (
				716205E529CED68100084FE9 /* CarTrackTests.swift in Sources */,
				710226A129D460CE00766A1A /* String+CartrackTests.swift in Sources */,
				7102269729D45C7000766A1A /* UserListLoaderTests.swift in Sources */,
				7102269A29D45D6A00766A1A /* DataFixtures.swift in Sources */,
			);
			runOnlyForDeploymentPostprocessing = 0;
		};
		716205E629CED68100084FE9 /* Sources */ = {
			isa = PBXSourcesBuildPhase;
			buildActionMask = 2147483647;
			files = (
				716205F129CED68100084FE9 /* CarTrackUITestsLaunchTests.swift in Sources */,
				716205EF29CED68100084FE9 /* CarTrackUITests.swift in Sources */,
			);
			runOnlyForDeploymentPostprocessing = 0;
		};
/* End PBXSourcesBuildPhase section */

/* Begin PBXTargetDependency section */
		716205E229CED68100084FE9 /* PBXTargetDependency */ = {
			isa = PBXTargetDependency;
			target = 716205C929CED67D00084FE9 /* CarTrack */;
			targetProxy = 716205E129CED68100084FE9 /* PBXContainerItemProxy */;
		};
		716205EC29CED68100084FE9 /* PBXTargetDependency */ = {
			isa = PBXTargetDependency;
			target = 716205C929CED67D00084FE9 /* CarTrack */;
			targetProxy = 716205EB29CED68100084FE9 /* PBXContainerItemProxy */;
		};
/* End PBXTargetDependency section */

/* Begin PBXVariantGroup section */
		716205D329CED67D00084FE9 /* Main.storyboard */ = {
			isa = PBXVariantGroup;
			children = (
				716205D429CED67D00084FE9 /* Base */,
			);
			name = Main.storyboard;
			sourceTree = "<group>";
		};
		716205D829CED68000084FE9 /* LaunchScreen.storyboard */ = {
			isa = PBXVariantGroup;
			children = (
				716205D929CED68000084FE9 /* Base */,
			);
			name = LaunchScreen.storyboard;
			sourceTree = "<group>";
		};
		7162062629CEE64F00084FE9 /* Localizable.strings */ = {
			isa = PBXVariantGroup;
			children = (
				7162062529CEE64F00084FE9 /* en */,
			);
			name = Localizable.strings;
			sourceTree = "<group>";
		};
/* End PBXVariantGroup section */

/* Begin XCBuildConfiguration section */
		716205F229CED68100084FE9 /* Debug */ = {
			isa = XCBuildConfiguration;
			buildSettings = {
				ALWAYS_SEARCH_USER_PATHS = NO;
				CLANG_ANALYZER_NONNULL = YES;
				CLANG_ANALYZER_NUMBER_OBJECT_CONVERSION = YES_AGGRESSIVE;
				CLANG_CXX_LANGUAGE_STANDARD = "gnu++17";
				CLANG_CXX_LIBRARY = "libc++";
				CLANG_ENABLE_MODULES = YES;
				CLANG_ENABLE_OBJC_ARC = YES;
				CLANG_ENABLE_OBJC_WEAK = YES;
				CLANG_WARN_BLOCK_CAPTURE_AUTORELEASING = YES;
				CLANG_WARN_BOOL_CONVERSION = YES;
				CLANG_WARN_COMMA = YES;
				CLANG_WARN_CONSTANT_CONVERSION = YES;
				CLANG_WARN_DEPRECATED_OBJC_IMPLEMENTATIONS = YES;
				CLANG_WARN_DIRECT_OBJC_ISA_USAGE = YES_ERROR;
				CLANG_WARN_DOCUMENTATION_COMMENTS = YES;
				CLANG_WARN_EMPTY_BODY = YES;
				CLANG_WARN_ENUM_CONVERSION = YES;
				CLANG_WARN_INFINITE_RECURSION = YES;
				CLANG_WARN_INT_CONVERSION = YES;
				CLANG_WARN_NON_LITERAL_NULL_CONVERSION = YES;
				CLANG_WARN_OBJC_IMPLICIT_RETAIN_SELF = YES;
				CLANG_WARN_OBJC_LITERAL_CONVERSION = YES;
				CLANG_WARN_OBJC_ROOT_CLASS = YES_ERROR;
				CLANG_WARN_QUOTED_INCLUDE_IN_FRAMEWORK_HEADER = YES;
				CLANG_WARN_RANGE_LOOP_ANALYSIS = YES;
				CLANG_WARN_STRICT_PROTOTYPES = YES;
				CLANG_WARN_SUSPICIOUS_MOVE = YES;
				CLANG_WARN_UNGUARDED_AVAILABILITY = YES_AGGRESSIVE;
				CLANG_WARN_UNREACHABLE_CODE = YES;
				CLANG_WARN__DUPLICATE_METHOD_MATCH = YES;
				COPY_PHASE_STRIP = NO;
				DEBUG_INFORMATION_FORMAT = dwarf;
				ENABLE_STRICT_OBJC_MSGSEND = YES;
				ENABLE_TESTABILITY = YES;
				GCC_C_LANGUAGE_STANDARD = gnu11;
				GCC_DYNAMIC_NO_PIC = NO;
				GCC_NO_COMMON_BLOCKS = YES;
				GCC_OPTIMIZATION_LEVEL = 0;
				GCC_PREPROCESSOR_DEFINITIONS = (
					"DEBUG=1",
					"$(inherited)",
				);
				GCC_WARN_64_TO_32_BIT_CONVERSION = YES;
				GCC_WARN_ABOUT_RETURN_TYPE = YES_ERROR;
				GCC_WARN_UNDECLARED_SELECTOR = YES;
				GCC_WARN_UNINITIALIZED_AUTOS = YES_AGGRESSIVE;
				GCC_WARN_UNUSED_FUNCTION = YES;
				GCC_WARN_UNUSED_VARIABLE = YES;
				IPHONEOS_DEPLOYMENT_TARGET = 15.2;
				MTL_ENABLE_DEBUG_INFO = INCLUDE_SOURCE;
				MTL_FAST_MATH = YES;
				ONLY_ACTIVE_ARCH = YES;
				SDKROOT = iphoneos;
				SWIFT_ACTIVE_COMPILATION_CONDITIONS = DEBUG;
				SWIFT_OPTIMIZATION_LEVEL = "-Onone";
			};
			name = Debug;
		};
		716205F329CED68100084FE9 /* Release */ = {
			isa = XCBuildConfiguration;
			buildSettings = {
				ALWAYS_SEARCH_USER_PATHS = NO;
				CLANG_ANALYZER_NONNULL = YES;
				CLANG_ANALYZER_NUMBER_OBJECT_CONVERSION = YES_AGGRESSIVE;
				CLANG_CXX_LANGUAGE_STANDARD = "gnu++17";
				CLANG_CXX_LIBRARY = "libc++";
				CLANG_ENABLE_MODULES = YES;
				CLANG_ENABLE_OBJC_ARC = YES;
				CLANG_ENABLE_OBJC_WEAK = YES;
				CLANG_WARN_BLOCK_CAPTURE_AUTORELEASING = YES;
				CLANG_WARN_BOOL_CONVERSION = YES;
				CLANG_WARN_COMMA = YES;
				CLANG_WARN_CONSTANT_CONVERSION = YES;
				CLANG_WARN_DEPRECATED_OBJC_IMPLEMENTATIONS = YES;
				CLANG_WARN_DIRECT_OBJC_ISA_USAGE = YES_ERROR;
				CLANG_WARN_DOCUMENTATION_COMMENTS = YES;
				CLANG_WARN_EMPTY_BODY = YES;
				CLANG_WARN_ENUM_CONVERSION = YES;
				CLANG_WARN_INFINITE_RECURSION = YES;
				CLANG_WARN_INT_CONVERSION = YES;
				CLANG_WARN_NON_LITERAL_NULL_CONVERSION = YES;
				CLANG_WARN_OBJC_IMPLICIT_RETAIN_SELF = YES;
				CLANG_WARN_OBJC_LITERAL_CONVERSION = YES;
				CLANG_WARN_OBJC_ROOT_CLASS = YES_ERROR;
				CLANG_WARN_QUOTED_INCLUDE_IN_FRAMEWORK_HEADER = YES;
				CLANG_WARN_RANGE_LOOP_ANALYSIS = YES;
				CLANG_WARN_STRICT_PROTOTYPES = YES;
				CLANG_WARN_SUSPICIOUS_MOVE = YES;
				CLANG_WARN_UNGUARDED_AVAILABILITY = YES_AGGRESSIVE;
				CLANG_WARN_UNREACHABLE_CODE = YES;
				CLANG_WARN__DUPLICATE_METHOD_MATCH = YES;
				COPY_PHASE_STRIP = NO;
				DEBUG_INFORMATION_FORMAT = "dwarf-with-dsym";
				ENABLE_NS_ASSERTIONS = NO;
				ENABLE_STRICT_OBJC_MSGSEND = YES;
				GCC_C_LANGUAGE_STANDARD = gnu11;
				GCC_NO_COMMON_BLOCKS = YES;
				GCC_WARN_64_TO_32_BIT_CONVERSION = YES;
				GCC_WARN_ABOUT_RETURN_TYPE = YES_ERROR;
				GCC_WARN_UNDECLARED_SELECTOR = YES;
				GCC_WARN_UNINITIALIZED_AUTOS = YES_AGGRESSIVE;
				GCC_WARN_UNUSED_FUNCTION = YES;
				GCC_WARN_UNUSED_VARIABLE = YES;
				IPHONEOS_DEPLOYMENT_TARGET = 15.2;
				MTL_ENABLE_DEBUG_INFO = NO;
				MTL_FAST_MATH = YES;
				SDKROOT = iphoneos;
				SWIFT_COMPILATION_MODE = wholemodule;
				SWIFT_OPTIMIZATION_LEVEL = "-O";
				VALIDATE_PRODUCT = YES;
			};
			name = Release;
		};
		716205F529CED68100084FE9 /* Debug */ = {
			isa = XCBuildConfiguration;
			baseConfigurationReference = DDA5033E08F7A05DDFCC0393 /* Pods-CarTrack.debug.xcconfig */;
			buildSettings = {
				ASSETCATALOG_COMPILER_APPICON_NAME = AppIcon;
				ASSETCATALOG_COMPILER_GLOBAL_ACCENT_COLOR_NAME = AccentColor;
				CODE_SIGN_STYLE = Automatic;
				CURRENT_PROJECT_VERSION = 1;
				GENERATE_INFOPLIST_FILE = YES;
				INFOPLIST_FILE = CarTrack/Info.plist;
				INFOPLIST_KEY_UIApplicationSupportsIndirectInputEvents = YES;
				INFOPLIST_KEY_UILaunchStoryboardName = LaunchScreen;
				INFOPLIST_KEY_UIMainStoryboardFile = Main;
				INFOPLIST_KEY_UISupportedInterfaceOrientations_iPad = "UIInterfaceOrientationPortrait UIInterfaceOrientationPortraitUpsideDown UIInterfaceOrientationLandscapeLeft UIInterfaceOrientationLandscapeRight";
				INFOPLIST_KEY_UISupportedInterfaceOrientations_iPhone = "UIInterfaceOrientationPortrait UIInterfaceOrientationLandscapeLeft UIInterfaceOrientationLandscapeRight";
				IPHONEOS_DEPLOYMENT_TARGET = 12.0;
				LD_RUNPATH_SEARCH_PATHS = (
					"$(inherited)",
					"@executable_path/Frameworks",
				);
				MARKETING_VERSION = 1.0;
				PRODUCT_BUNDLE_IDENTIFIER = com.cartrack.CarTrack;
				PRODUCT_NAME = "$(TARGET_NAME)";
				SWIFT_EMIT_LOC_STRINGS = YES;
				SWIFT_VERSION = 5.0;
				TARGETED_DEVICE_FAMILY = "1,2";
			};
			name = Debug;
		};
		716205F629CED68100084FE9 /* Release */ = {
			isa = XCBuildConfiguration;
			baseConfigurationReference = 06DC5DCEF8AB6F3A3365DCFB /* Pods-CarTrack.release.xcconfig */;
			buildSettings = {
				ASSETCATALOG_COMPILER_APPICON_NAME = AppIcon;
				ASSETCATALOG_COMPILER_GLOBAL_ACCENT_COLOR_NAME = AccentColor;
				CODE_SIGN_STYLE = Automatic;
				CURRENT_PROJECT_VERSION = 1;
				GENERATE_INFOPLIST_FILE = YES;
				INFOPLIST_FILE = CarTrack/Info.plist;
				INFOPLIST_KEY_UIApplicationSupportsIndirectInputEvents = YES;
				INFOPLIST_KEY_UILaunchStoryboardName = LaunchScreen;
				INFOPLIST_KEY_UIMainStoryboardFile = Main;
				INFOPLIST_KEY_UISupportedInterfaceOrientations_iPad = "UIInterfaceOrientationPortrait UIInterfaceOrientationPortraitUpsideDown UIInterfaceOrientationLandscapeLeft UIInterfaceOrientationLandscapeRight";
				INFOPLIST_KEY_UISupportedInterfaceOrientations_iPhone = "UIInterfaceOrientationPortrait UIInterfaceOrientationLandscapeLeft UIInterfaceOrientationLandscapeRight";
				IPHONEOS_DEPLOYMENT_TARGET = 12.0;
				LD_RUNPATH_SEARCH_PATHS = (
					"$(inherited)",
					"@executable_path/Frameworks",
				);
				MARKETING_VERSION = 1.0;
				PRODUCT_BUNDLE_IDENTIFIER = com.cartrack.CarTrack;
				PRODUCT_NAME = "$(TARGET_NAME)";
				SWIFT_EMIT_LOC_STRINGS = YES;
				SWIFT_VERSION = 5.0;
				TARGETED_DEVICE_FAMILY = "1,2";
			};
			name = Release;
		};
		716205F829CED68100084FE9 /* Debug */ = {
			isa = XCBuildConfiguration;
			baseConfigurationReference = 22846CF3C8B49248289989C7 /* Pods-CarTrackTests.debug.xcconfig */;
			buildSettings = {
				ALWAYS_EMBED_SWIFT_STANDARD_LIBRARIES = YES;
				BUNDLE_LOADER = "$(TEST_HOST)";
				CODE_SIGN_STYLE = Automatic;
				CURRENT_PROJECT_VERSION = 1;
				GENERATE_INFOPLIST_FILE = YES;
				IPHONEOS_DEPLOYMENT_TARGET = 15.2;
				MARKETING_VERSION = 1.0;
				PRODUCT_BUNDLE_IDENTIFIER = com.cartrack.CarTrackTests;
				PRODUCT_NAME = "$(TARGET_NAME)";
				SWIFT_EMIT_LOC_STRINGS = NO;
				SWIFT_VERSION = 5.0;
				TARGETED_DEVICE_FAMILY = "1,2";
				TEST_HOST = "$(BUILT_PRODUCTS_DIR)/CarTrack.app/CarTrack";
			};
			name = Debug;
		};
		716205F929CED68100084FE9 /* Release */ = {
			isa = XCBuildConfiguration;
			baseConfigurationReference = 7612745E99D1C7EC097311ED /* Pods-CarTrackTests.release.xcconfig */;
			buildSettings = {
				ALWAYS_EMBED_SWIFT_STANDARD_LIBRARIES = YES;
				BUNDLE_LOADER = "$(TEST_HOST)";
				CODE_SIGN_STYLE = Automatic;
				CURRENT_PROJECT_VERSION = 1;
				GENERATE_INFOPLIST_FILE = YES;
				IPHONEOS_DEPLOYMENT_TARGET = 15.2;
				MARKETING_VERSION = 1.0;
				PRODUCT_BUNDLE_IDENTIFIER = com.cartrack.CarTrackTests;
				PRODUCT_NAME = "$(TARGET_NAME)";
				SWIFT_EMIT_LOC_STRINGS = NO;
				SWIFT_VERSION = 5.0;
				TARGETED_DEVICE_FAMILY = "1,2";
				TEST_HOST = "$(BUILT_PRODUCTS_DIR)/CarTrack.app/CarTrack";
			};
			name = Release;
		};
		716205FB29CED68100084FE9 /* Debug */ = {
			isa = XCBuildConfiguration;
			baseConfigurationReference = FEBEF70EC9D62C4B1CD4F91F /* Pods-CarTrack-CarTrackUITests.debug.xcconfig */;
			buildSettings = {
				ALWAYS_EMBED_SWIFT_STANDARD_LIBRARIES = YES;
				CODE_SIGN_STYLE = Automatic;
				CURRENT_PROJECT_VERSION = 1;
				GENERATE_INFOPLIST_FILE = YES;
				MARKETING_VERSION = 1.0;
				PRODUCT_BUNDLE_IDENTIFIER = com.cartrack.CarTrackUITests;
				PRODUCT_NAME = "$(TARGET_NAME)";
				SWIFT_EMIT_LOC_STRINGS = NO;
				SWIFT_VERSION = 5.0;
				TARGETED_DEVICE_FAMILY = "1,2";
				TEST_TARGET_NAME = CarTrack;
			};
			name = Debug;
		};
		716205FC29CED68100084FE9 /* Release */ = {
			isa = XCBuildConfiguration;
			baseConfigurationReference = 59BEBDCEE066B6C099FACDA5 /* Pods-CarTrack-CarTrackUITests.release.xcconfig */;
			buildSettings = {
				ALWAYS_EMBED_SWIFT_STANDARD_LIBRARIES = YES;
				CODE_SIGN_STYLE = Automatic;
				CURRENT_PROJECT_VERSION = 1;
				GENERATE_INFOPLIST_FILE = YES;
				MARKETING_VERSION = 1.0;
				PRODUCT_BUNDLE_IDENTIFIER = com.cartrack.CarTrackUITests;
				PRODUCT_NAME = "$(TARGET_NAME)";
				SWIFT_EMIT_LOC_STRINGS = NO;
				SWIFT_VERSION = 5.0;
				TARGETED_DEVICE_FAMILY = "1,2";
				TEST_TARGET_NAME = CarTrack;
			};
			name = Release;
		};
/* End XCBuildConfiguration section */

/* Begin XCConfigurationList section */
		716205C529CED67D00084FE9 /* Build configuration list for PBXProject "CarTrack" */ = {
			isa = XCConfigurationList;
			buildConfigurations = (
				716205F229CED68100084FE9 /* Debug */,
				716205F329CED68100084FE9 /* Release */,
			);
			defaultConfigurationIsVisible = 0;
			defaultConfigurationName = Release;
		};
		716205F429CED68100084FE9 /* Build configuration list for PBXNativeTarget "CarTrack" */ = {
			isa = XCConfigurationList;
			buildConfigurations = (
				716205F529CED68100084FE9 /* Debug */,
				716205F629CED68100084FE9 /* Release */,
			);
			defaultConfigurationIsVisible = 0;
			defaultConfigurationName = Release;
		};
		716205F729CED68100084FE9 /* Build configuration list for PBXNativeTarget "CarTrackTests" */ = {
			isa = XCConfigurationList;
			buildConfigurations = (
				716205F829CED68100084FE9 /* Debug */,
				716205F929CED68100084FE9 /* Release */,
			);
			defaultConfigurationIsVisible = 0;
			defaultConfigurationName = Release;
		};
		716205FA29CED68100084FE9 /* Build configuration list for PBXNativeTarget "CarTrackUITests" */ = {
			isa = XCConfigurationList;
			buildConfigurations = (
				716205FB29CED68100084FE9 /* Debug */,
				716205FC29CED68100084FE9 /* Release */,
			);
			defaultConfigurationIsVisible = 0;
			defaultConfigurationName = Release;
		};
/* End XCConfigurationList section */
	};
	rootObject = 716205C229CED67D00084FE9 /* Project object */;
}
